
Microsoft Visual Studio Solution File, Format Version 12.00
# Visual Studio Version 16
VisualStudioVersion = 16.0.31702.278
MinimumVisualStudioVersion = 10.0.40219.1
Project("{FAE04EC0-301F-11D3-BF4B-00C04F79EFBC}") = "DevBuildBranchingExercise", "DevBuildBranchingExercise\DevBuildBranchingExercise.csproj", "{2CFEFB84-B8E8-4A8C-902B-FBE510F1AC8E}"
EndProject
Global
	GlobalSection(SolutionConfigurationPlatforms) = preSolution
		Debug|Any CPU = Debug|Any CPU
		Release|Any CPU = Release|Any CPU
	EndGlobalSection
	GlobalSection(ProjectConfigurationPlatforms) = postSolution
		{2CFEFB84-B8E8-4A8C-902B-FBE510F1AC8E}.Debug|Any CPU.ActiveCfg = Debug|Any CPU
		{2CFEFB84-B8E8-4A8C-902B-FBE510F1AC8E}.Debug|Any CPU.Build.0 = Debug|Any CPU
		{2CFEFB84-B8E8-4A8C-902B-FBE510F1AC8E}.Release|Any CPU.ActiveCfg = Release|Any CPU
		{2CFEFB84-B8E8-4A8C-902B-FBE510F1AC8E}.Release|Any CPU.Build.0 = Release|Any CPU
	EndGlobalSection
	GlobalSection(SolutionProperties) = preSolution
		HideSolutionNode = FALSE
	EndGlobalSection
	GlobalSection(ExtensibilityGlobals) = postSolution
		SolutionGuid = {5B55AD37-A43E-468C-9BF2-F0627D81EDF4}
	EndGlobalSection
EndGlobal
